{
	"name": "@football-manager/data-transfer",
	"version": "0.0.1",
	"lockfileVersion": 1,
	"requires": true,
	"dependencies": {
		"@types/node": {
			"version": "14.18.51",
			"resolved": "https://registry.npmjs.org/@types/node/-/node-14.18.51.tgz",
			"integrity": "sha512-P9bsdGFPpVtofEKlhWMVS2qqx1A/rt9QBfihWlklfHHpUpjtYse5AzFz6j4DWrARLYh6gRnw9+5+DJcrq3KvBA==",
			"dev": true
		}
	}
}
