{
	"name": "@football-manager/initialize",
	"version": "0.0.1",
	"lockfileVersion": 1,
	"requires": true,
	"dependencies": {
		"@types/convict": {
			"version": "6.1.1",
			"resolved": "https://registry.npmjs.org/@types/convict/-/convict-6.1.1.tgz",
			"integrity": "sha512-R+JLaTvhsD06p4jyjUDtbd5xMtZTRE3c0iI+lrFWZogSVEjgTWPYwvJPVf+t92E+yrlbXa4X4Eg9ro6gPdUt4w==",
			"dev": true,
			"requires": {
				"@types/node": "*"
			}
		},
		"@types/node": {
			"version": "14.18.52",
			"resolved": "https://registry.npmjs.org/@types/node/-/node-14.18.52.tgz",
			"integrity": "sha512-DGhiXKOHSFVVm+PJD+9Y0ObxXLeG6qwc0HoOn+ooQKeNNu+T2mEJCM5UBDUREKAggl9MHYjb5E71PAmx6MbzIg==",
			"dev": true
		},
		"buffer-from": {
			"version": "1.1.2",
			"resolved": "https://registry.npmjs.org/buffer-from/-/buffer-from-1.1.2.tgz",
			"integrity": "sha512-E+XQCRwSbaaiChtv6k6Dwgc+bx+Bs6vuKJHHl5kox/BaKbhiXzqQOwK4cO22yElGp2OCmjwVhT3HmxgyPGnJfQ==",
			"dev": true
		},
		"convict": {
			"version": "6.2.3",
			"resolved": "https://registry.npmjs.org/convict/-/convict-6.2.3.tgz",
			"integrity": "sha512-mTY04Qr7WrqiXifdeUYXr4/+Te4hPFWDvz6J2FVIKCLc2XBhq63VOSSYAKJ+unhZAYOAjmEdNswTOeHt7s++pQ==",
			"requires": {
				"lodash.clonedeep": "^4.5.0",
				"yargs-parser": "^20.2.7"
			}
		},
		"lodash.clonedeep": {
			"version": "4.5.0",
			"resolved": "https://registry.npmjs.org/lodash.clonedeep/-/lodash.clonedeep-4.5.0.tgz",
			"integrity": "sha512-H5ZhCF25riFd9uB5UCkVKo61m3S/xZk1x4wA6yp/L3RFP6Z/eHH1ymQcGLo7J3GMPfm0V/7m1tryHuGVxpqEBQ=="
		},
		"reflect-metadata": {
			"version": "0.1.13",
			"resolved": "https://registry.npmjs.org/reflect-metadata/-/reflect-metadata-0.1.13.tgz",
			"integrity": "sha512-Ts1Y/anZELhSsjMcU605fU9RE4Oi3p5ORujwbIKXfWa+0Zxs510Qrmrce5/Jowq3cHSZSJqBjypxmHarc+vEWg=="
		},
		"source-map": {
			"version": "0.6.1",
			"resolved": "https://registry.npmjs.org/source-map/-/source-map-0.6.1.tgz",
			"integrity": "sha512-UjgapumWlbMhkBgzT7Ykc5YXUT46F0iKu8SGXq0bcwP5dz/h0Plj6enJqjz1Zbq2l5WaqYnrVbwWOWMyF3F47g==",
			"dev": true
		},
		"source-map-support": {
			"version": "0.5.21",
			"resolved": "https://registry.npmjs.org/source-map-support/-/source-map-support-0.5.21.tgz",
			"integrity": "sha512-uBHU3L3czsIyYXKX88fdrGovxdSCoTGDRZ6SYXtSRxLZUzHg5P/66Ht6uoUlHu9EZod+inXhKo3qQgwXUT/y1w==",
			"dev": true,
			"requires": {
				"buffer-from": "^1.0.0",
				"source-map": "^0.6.0"
			}
		},
		"ts-convict": {
			"version": "1.1.0",
			"resolved": "https://registry.npmjs.org/ts-convict/-/ts-convict-1.1.0.tgz",
			"integrity": "sha512-FL6UhCU8MCb9+xYAZ6FgxSz0DUM87bV93CMHqGeJH4c/YYy/+BpfT2fx+WXBux8KyLjDptLnmXUjJX7u/xVZuQ=="
		},
		"yargs-parser": {
			"version": "20.2.9",
			"resolved": "https://registry.npmjs.org/yargs-parser/-/yargs-parser-20.2.9.tgz",
			"integrity": "sha512-y11nGElTIV+CT3Zv9t7VKl+Q3hTQoT9a1Qzezhhl6Rp21gJ/IVTW7Z3y9EWXhuUBC2Shnf+DX0antecpAwSP8w=="
		}
	}
}
