{
	"name": "@football-manager/utils",
	"version": "0.0.1",
	"lockfileVersion": 1,
	"requires": true,
	"dependencies": {
		"@types/crypto-js": {
			"version": "4.1.1",
			"resolved": "https://registry.npmjs.org/@types/crypto-js/-/crypto-js-4.1.1.tgz",
			"integrity": "sha512-BG7fQKZ689HIoc5h+6D2Dgq1fABRa0RbBWKBd9SP/MVRVXROflpm5fhwyATX5duFmbStzyzyycPB8qUYKDH3NA==",
			"dev": true
		},
		"@types/node": {
			"version": "14.18.51",
			"resolved": "https://registry.npmjs.org/@types/node/-/node-14.18.51.tgz",
			"integrity": "sha512-P9bsdGFPpVtofEKlhWMVS2qqx1A/rt9QBfihWlklfHHpUpjtYse5AzFz6j4DWrARLYh6gRnw9+5+DJcrq3KvBA==",
			"dev": true
		},
		"@types/uuid": {
			"version": "8.3.4",
			"resolved": "https://registry.npmjs.org/@types/uuid/-/uuid-8.3.4.tgz",
			"integrity": "sha512-c/I8ZRb51j+pYGAu5CrFMRxqZ2ke4y2grEBO5AUjgSkSk+qT2Ea+OdWElz/OiMf5MNpn2b17kuVBwZLQJXzihw==",
			"dev": true
		},
		"crypto-js": {
			"version": "4.1.1",
			"resolved": "https://registry.npmjs.org/crypto-js/-/crypto-js-4.1.1.tgz",
			"integrity": "sha512-o2JlM7ydqd3Qk9CA0L4NL6mTzU2sdx96a+oOfPu8Mkl/PK51vSyoi8/rQ8NknZtk44vq15lmhAj9CIAGwgeWKw=="
		},
		"uuid": {
			"version": "9.0.0",
			"resolved": "https://registry.npmjs.org/uuid/-/uuid-9.0.0.tgz",
			"integrity": "sha512-MXcSTerfPa4uqyzStbRoTgt5XIe3x5+42+q1sDuy3R5MDk66URdLMOZe5aPX/SQd+kuYAh0FdP/pO28IkQyTeg=="
		}
	}
}
